
Microsoft Visual Studio Solution File, Format Version 12.00
# Visual Studio Version 17
VisualStudioVersion = 17.1.32407.343
MinimumVisualStudioVersion = 10.0.40219.1
Project("{FAE04EC0-301F-11D3-BF4B-00C04F79EFBC}") = "AutoMapper", "AutoMapper\AutoMapper.csproj", "{F36C0C37-A6B0-43DA-BB80-3C4AC1009839}"
EndProject
Global
	GlobalSection(SolutionConfigurationPlatforms) = preSolution
		Debug|Any CPU = Debug|Any CPU
		Release|Any CPU = Release|Any CPU
	EndGlobalSection
	GlobalSection(ProjectConfigurationPlatforms) = postSolution
		{F36C0C37-A6B0-43DA-BB80-3C4AC1009839}.Debug|Any CPU.ActiveCfg = Debug|Any CPU
		{F36C0C37-A6B0-43DA-BB80-3C4AC1009839}.Debug|Any CPU.Build.0 = Debug|Any CPU
		{F36C0C37-A6B0-43DA-BB80-3C4AC1009839}.Release|Any CPU.ActiveCfg = Release|Any CPU
		{F36C0C37-A6B0-43DA-BB80-3C4AC1009839}.Release|Any CPU.Build.0 = Release|Any CPU
	EndGlobalSection
	GlobalSection(SolutionProperties) = preSolution
		HideSolutionNode = FALSE
	EndGlobalSection
	GlobalSection(ExtensibilityGlobals) = postSolution
		SolutionGuid = {990B1DC3-C3AE-47EA-BEA3-E6FE8C026992}
	EndGlobalSection
EndGlobal
