
Microsoft Visual Studio Solution File, Format Version 12.00
# Visual Studio Version 17
VisualStudioVersion = 17.1.32407.343
MinimumVisualStudioVersion = 10.0.40219.1
Project("{FAE04EC0-301F-11D3-BF4B-00C04F79EFBC}") = "TestAsp5", "TestAsp5\TestAsp5.csproj", "{36BD64F9-1B62-4B4A-A68D-EDFC233D45DE}"
EndProject
Global
	GlobalSection(SolutionConfigurationPlatforms) = preSolution
		Debug|Any CPU = Debug|Any CPU
		Release|Any CPU = Release|Any CPU
	EndGlobalSection
	GlobalSection(ProjectConfigurationPlatforms) = postSolution
		{36BD64F9-1B62-4B4A-A68D-EDFC233D45DE}.Debug|Any CPU.ActiveCfg = Debug|Any CPU
		{36BD64F9-1B62-4B4A-A68D-EDFC233D45DE}.Debug|Any CPU.Build.0 = Debug|Any CPU
		{36BD64F9-1B62-4B4A-A68D-EDFC233D45DE}.Release|Any CPU.ActiveCfg = Release|Any CPU
		{36BD64F9-1B62-4B4A-A68D-EDFC233D45DE}.Release|Any CPU.Build.0 = Release|Any CPU
	EndGlobalSection
	GlobalSection(SolutionProperties) = preSolution
		HideSolutionNode = FALSE
	EndGlobalSection
	GlobalSection(ExtensibilityGlobals) = postSolution
		SolutionGuid = {19E55CE9-C5CA-4C0F-8CCA-E8D638CB1DE0}
	EndGlobalSection
EndGlobal
