
Microsoft Visual Studio Solution File, Format Version 12.00
# Visual Studio Version 17
VisualStudioVersion = 17.1.32328.378
MinimumVisualStudioVersion = 10.0.40219.1
Project("{FAE04EC0-301F-11D3-BF4B-00C04F79EFBC}") = "linq", "linq.csproj", "{B95435FA-42CB-4A4E-BCE0-C2CEB03775F1}"
EndProject
Global
	GlobalSection(SolutionConfigurationPlatforms) = preSolution
		Debug|Any CPU = Debug|Any CPU
		Release|Any CPU = Release|Any CPU
	EndGlobalSection
	GlobalSection(ProjectConfigurationPlatforms) = postSolution
		{B95435FA-42CB-4A4E-BCE0-C2CEB03775F1}.Debug|Any CPU.ActiveCfg = Debug|Any CPU
		{B95435FA-42CB-4A4E-BCE0-C2CEB03775F1}.Debug|Any CPU.Build.0 = Debug|Any CPU
		{B95435FA-42CB-4A4E-BCE0-C2CEB03775F1}.Release|Any CPU.ActiveCfg = Release|Any CPU
		{B95435FA-42CB-4A4E-BCE0-C2CEB03775F1}.Release|Any CPU.Build.0 = Release|Any CPU
	EndGlobalSection
	GlobalSection(SolutionProperties) = preSolution
		HideSolutionNode = FALSE
	EndGlobalSection
	GlobalSection(ExtensibilityGlobals) = postSolution
		SolutionGuid = {BC6FC785-4B64-4633-8DA2-5B7901C9ADD4}
	EndGlobalSection
EndGlobal
