
Microsoft Visual Studio Solution File, Format Version 12.00
# Visual Studio Version 17
VisualStudioVersion = 17.1.32328.378
MinimumVisualStudioVersion = 10.0.40219.1
Project("{FAE04EC0-301F-11D3-BF4B-00C04F79EFBC}") = "StudentMenuConsoleApp", "StudentMenuConsoleApp.csproj", "{5E629C16-642E-4E87-AD45-097AF6234965}"
EndProject
Global
	GlobalSection(SolutionConfigurationPlatforms) = preSolution
		Debug|Any CPU = Debug|Any CPU
		Release|Any CPU = Release|Any CPU
	EndGlobalSection
	GlobalSection(ProjectConfigurationPlatforms) = postSolution
		{5E629C16-642E-4E87-AD45-097AF6234965}.Debug|Any CPU.ActiveCfg = Debug|Any CPU
		{5E629C16-642E-4E87-AD45-097AF6234965}.Debug|Any CPU.Build.0 = Debug|Any CPU
		{5E629C16-642E-4E87-AD45-097AF6234965}.Release|Any CPU.ActiveCfg = Release|Any CPU
		{5E629C16-642E-4E87-AD45-097AF6234965}.Release|Any CPU.Build.0 = Release|Any CPU
	EndGlobalSection
	GlobalSection(SolutionProperties) = preSolution
		HideSolutionNode = FALSE
	EndGlobalSection
	GlobalSection(ExtensibilityGlobals) = postSolution
		SolutionGuid = {CD3E9000-F8AB-49E6-9121-FDD119687286}
	EndGlobalSection
EndGlobal
