
Microsoft Visual Studio Solution File, Format Version 12.00
# Visual Studio Version 17
VisualStudioVersion = 17.1.32328.378
MinimumVisualStudioVersion = 10.0.40219.1
Project("{FAE04EC0-301F-11D3-BF4B-00C04F79EFBC}") = "testWebCore", "testWebCore.csproj", "{CA235C4C-682A-4D6D-AC8C-FF9006361941}"
EndProject
Global
	GlobalSection(SolutionConfigurationPlatforms) = preSolution
		Debug|Any CPU = Debug|Any CPU
		Release|Any CPU = Release|Any CPU
	EndGlobalSection
	GlobalSection(ProjectConfigurationPlatforms) = postSolution
		{CA235C4C-682A-4D6D-AC8C-FF9006361941}.Debug|Any CPU.ActiveCfg = Debug|Any CPU
		{CA235C4C-682A-4D6D-AC8C-FF9006361941}.Debug|Any CPU.Build.0 = Debug|Any CPU
		{CA235C4C-682A-4D6D-AC8C-FF9006361941}.Release|Any CPU.ActiveCfg = Release|Any CPU
		{CA235C4C-682A-4D6D-AC8C-FF9006361941}.Release|Any CPU.Build.0 = Release|Any CPU
	EndGlobalSection
	GlobalSection(SolutionProperties) = preSolution
		HideSolutionNode = FALSE
	EndGlobalSection
	GlobalSection(ExtensibilityGlobals) = postSolution
		SolutionGuid = {52D1E1CC-87B6-47DB-BCA9-98035B85F6DE}
	EndGlobalSection
EndGlobal
