
Microsoft Visual Studio Solution File, Format Version 12.00
# Visual Studio Version 17
VisualStudioVersion = 17.1.32328.378
MinimumVisualStudioVersion = 10.0.40219.1
Project("{FAE04EC0-301F-11D3-BF4B-00C04F79EFBC}") = "Constructor", "NET\Constructor.csproj", "{78974743-7FB3-472B-987E-D1FF4D3FBF0C}"
EndProject
Project("{FAE04EC0-301F-11D3-BF4B-00C04F79EFBC}") = "Inheritance", "Inheritance\Inheritance.csproj", "{ECC6E451-61F6-4935-8B27-6419911136BD}"
EndProject
Project("{FAE04EC0-301F-11D3-BF4B-00C04F79EFBC}") = "polymorphism", "polymorphism\polymorphism.csproj", "{445E5627-6F7C-4A9D-AB96-B18E51A49C30}"
EndProject
Project("{FAE04EC0-301F-11D3-BF4B-00C04F79EFBC}") = "abstraction", "abstraction\abstraction.csproj", "{20B426B9-57F9-4FBA-AD77-8D4778E90FD1}"
EndProject
Global
	GlobalSection(SolutionConfigurationPlatforms) = preSolution
		Debug|Any CPU = Debug|Any CPU
		Release|Any CPU = Release|Any CPU
	EndGlobalSection
	GlobalSection(ProjectConfigurationPlatforms) = postSolution
		{78974743-7FB3-472B-987E-D1FF4D3FBF0C}.Debug|Any CPU.ActiveCfg = Debug|Any CPU
		{78974743-7FB3-472B-987E-D1FF4D3FBF0C}.Debug|Any CPU.Build.0 = Debug|Any CPU
		{78974743-7FB3-472B-987E-D1FF4D3FBF0C}.Release|Any CPU.ActiveCfg = Release|Any CPU
		{78974743-7FB3-472B-987E-D1FF4D3FBF0C}.Release|Any CPU.Build.0 = Release|Any CPU
		{ECC6E451-61F6-4935-8B27-6419911136BD}.Debug|Any CPU.ActiveCfg = Debug|Any CPU
		{ECC6E451-61F6-4935-8B27-6419911136BD}.Debug|Any CPU.Build.0 = Debug|Any CPU
		{ECC6E451-61F6-4935-8B27-6419911136BD}.Release|Any CPU.ActiveCfg = Release|Any CPU
		{ECC6E451-61F6-4935-8B27-6419911136BD}.Release|Any CPU.Build.0 = Release|Any CPU
		{445E5627-6F7C-4A9D-AB96-B18E51A49C30}.Debug|Any CPU.ActiveCfg = Debug|Any CPU
		{445E5627-6F7C-4A9D-AB96-B18E51A49C30}.Debug|Any CPU.Build.0 = Debug|Any CPU
		{445E5627-6F7C-4A9D-AB96-B18E51A49C30}.Release|Any CPU.ActiveCfg = Release|Any CPU
		{445E5627-6F7C-4A9D-AB96-B18E51A49C30}.Release|Any CPU.Build.0 = Release|Any CPU
		{20B426B9-57F9-4FBA-AD77-8D4778E90FD1}.Debug|Any CPU.ActiveCfg = Debug|Any CPU
		{20B426B9-57F9-4FBA-AD77-8D4778E90FD1}.Debug|Any CPU.Build.0 = Debug|Any CPU
		{20B426B9-57F9-4FBA-AD77-8D4778E90FD1}.Release|Any CPU.ActiveCfg = Release|Any CPU
		{20B426B9-57F9-4FBA-AD77-8D4778E90FD1}.Release|Any CPU.Build.0 = Release|Any CPU
	EndGlobalSection
	GlobalSection(SolutionProperties) = preSolution
		HideSolutionNode = FALSE
	EndGlobalSection
	GlobalSection(ExtensibilityGlobals) = postSolution
		SolutionGuid = {B2F7F2DF-AA64-4E7E-8D8D-8A615169D0FD}
	EndGlobalSection
EndGlobal
